{
  "name": "membro-ativo-em-canal-de-voz",
  "version": "1.0.0",
  "lockfileVersion": 2,
  "requires": true,
  "packages": {
    "": {
      "name": "membro-ativo-em-canal-de-voz",
      "version": "1.0.0",
      "license": "MIT",
      "dependencies": {
        "discord.js": "^14.15.3",
        "express": "^4.19.2",
        "dotenv": "^16.4.5",
        "node-cron": "^3.0.3"
      }
    },
    "node_modules/discord.js": {
      "version": "14.15.3",
      "resolved": "https://registry.npmjs.org/discord.js/-/discord.js-14.15.3.tgz",
      "integrity": "sha512-pMLztmLN90Rp+8jw2Mki13atYlO6N8O3eVx3FSP2WkN9zFKrX1m4+oF/Cm9U5X+yk6M6N2IZDk1pXEf9jZRoLQ=="
    },
    "node_modules/express": {
      "version": "4.19.2",
      "resolved": "https://registry.npmjs.org/express/-/express-4.19.2.tgz",
      "integrity": "sha512-7uXrXn1ZoDqL+MC3c4NfWszSgXkHBp2JpQqFuNEVg5plj7lL9YjPjP6M5y3huuobFNJXX0TRiwsR3y7u5M6jFw=="
    },
    "node_modules/dotenv": {
      "version": "16.4.5",
      "resolved": "https://registry.npmjs.org/dotenv/-/dotenv-16.4.5.tgz",
      "integrity": "sha512-ZZTOeBqKWjQ30ZjJ5+1Kq7a9K0EQmJ9F6wSmJsO7G69DAkf0D9RL+bllh3UuCLDM1pBnZtb6YwEZXwBLIT+Fbw=="
    },
    "node_modules/node-cron": {
      "version": "3.0.3",
      "resolved": "https://registry.npmjs.org/node-cron/-/node-cron-3.0.3.tgz",
      "integrity": "sha512-dmSKvFvZ8mdP5UAZn1s9i5UIMqzZzMJ8t7kvCIMlS9aqbVt5rx5pLOQeI2iI9p1fVFX4BtwXJjvUahM2vw6G0Q=="
    }
  }
}